
Microsoft Visual Studio Solution File, Format Version 12.00
# Visual Studio Version 17
VisualStudioVersion = 17.3.32929.385
MinimumVisualStudioVersion = 10.0.40219.1
Project("{9A19103F-16F7-4668-BE54-9A1E7A4F7556}") = "ProgWebAPI", "ProgWebAPI\ProgWebAPI.csproj", "{4D23AEE8-14AF-440A-B3AF-E836D5AF1954}"
EndProject
Project("{9A19103F-16F7-4668-BE54-9A1E7A4F7556}") = "ProgWeb.Domain", "ProgWeb.Domain\ProgWeb.Domain.csproj", "{2EC6748C-3EB9-4ED6-A2D1-60CF9CD8C109}"
EndProject
Project("{9A19103F-16F7-4668-BE54-9A1E7A4F7556}") = "ProgWeb.Infra", "ProgWeb.Infra\ProgWeb.Infra.csproj", "{578EEA28-9367-453F-B754-155431D45856}"
EndProject
Project("{2150E333-8FDC-42A3-9474-1A3956D46DE8}") = "Core", "Core", "{0962E002-71AB-44BE-8086-6609C1F28225}"
EndProject
Project("{2150E333-8FDC-42A3-9474-1A3956D46DE8}") = "WebApi", "WebApi", "{25A059FD-8F2E-40C8-89FD-6E46B27B8B75}"
EndProject
Project("{FAE04EC0-301F-11D3-BF4B-00C04F79EFBC}") = "ProgWeb.Application", "ProgWeb.Application\ProgWeb.Application.csproj", "{6D6D7B31-7A50-4D7A-90FF-405DCB19F715}"
EndProject
Project("{FAE04EC0-301F-11D3-BF4B-00C04F79EFBC}") = "ProgWeb.Util", "ProgWeb.Util\ProgWeb.Util.csproj", "{9CCBD004-E866-4A71-8CBB-0B7EF149C799}"
EndProject
Global
	GlobalSection(SolutionConfigurationPlatforms) = preSolution
		Debug|Any CPU = Debug|Any CPU
		Release|Any CPU = Release|Any CPU
	EndGlobalSection
	GlobalSection(ProjectConfigurationPlatforms) = postSolution
		{4D23AEE8-14AF-440A-B3AF-E836D5AF1954}.Debug|Any CPU.ActiveCfg = Debug|Any CPU
		{4D23AEE8-14AF-440A-B3AF-E836D5AF1954}.Debug|Any CPU.Build.0 = Debug|Any CPU
		{4D23AEE8-14AF-440A-B3AF-E836D5AF1954}.Release|Any CPU.ActiveCfg = Release|Any CPU
		{4D23AEE8-14AF-440A-B3AF-E836D5AF1954}.Release|Any CPU.Build.0 = Release|Any CPU
		{2EC6748C-3EB9-4ED6-A2D1-60CF9CD8C109}.Debug|Any CPU.ActiveCfg = Debug|Any CPU
		{2EC6748C-3EB9-4ED6-A2D1-60CF9CD8C109}.Debug|Any CPU.Build.0 = Debug|Any CPU
		{2EC6748C-3EB9-4ED6-A2D1-60CF9CD8C109}.Release|Any CPU.ActiveCfg = Release|Any CPU
		{2EC6748C-3EB9-4ED6-A2D1-60CF9CD8C109}.Release|Any CPU.Build.0 = Release|Any CPU
		{578EEA28-9367-453F-B754-155431D45856}.Debug|Any CPU.ActiveCfg = Debug|Any CPU
		{578EEA28-9367-453F-B754-155431D45856}.Debug|Any CPU.Build.0 = Debug|Any CPU
		{578EEA28-9367-453F-B754-155431D45856}.Release|Any CPU.ActiveCfg = Release|Any CPU
		{578EEA28-9367-453F-B754-155431D45856}.Release|Any CPU.Build.0 = Release|Any CPU
		{6D6D7B31-7A50-4D7A-90FF-405DCB19F715}.Debug|Any CPU.ActiveCfg = Debug|Any CPU
		{6D6D7B31-7A50-4D7A-90FF-405DCB19F715}.Debug|Any CPU.Build.0 = Debug|Any CPU
		{6D6D7B31-7A50-4D7A-90FF-405DCB19F715}.Release|Any CPU.ActiveCfg = Release|Any CPU
		{6D6D7B31-7A50-4D7A-90FF-405DCB19F715}.Release|Any CPU.Build.0 = Release|Any CPU
		{9CCBD004-E866-4A71-8CBB-0B7EF149C799}.Debug|Any CPU.ActiveCfg = Debug|Any CPU
		{9CCBD004-E866-4A71-8CBB-0B7EF149C799}.Debug|Any CPU.Build.0 = Debug|Any CPU
		{9CCBD004-E866-4A71-8CBB-0B7EF149C799}.Release|Any CPU.ActiveCfg = Release|Any CPU
		{9CCBD004-E866-4A71-8CBB-0B7EF149C799}.Release|Any CPU.Build.0 = Release|Any CPU
	EndGlobalSection
	GlobalSection(SolutionProperties) = preSolution
		HideSolutionNode = FALSE
	EndGlobalSection
	GlobalSection(NestedProjects) = preSolution
		{4D23AEE8-14AF-440A-B3AF-E836D5AF1954} = {25A059FD-8F2E-40C8-89FD-6E46B27B8B75}
		{2EC6748C-3EB9-4ED6-A2D1-60CF9CD8C109} = {0962E002-71AB-44BE-8086-6609C1F28225}
		{578EEA28-9367-453F-B754-155431D45856} = {0962E002-71AB-44BE-8086-6609C1F28225}
		{6D6D7B31-7A50-4D7A-90FF-405DCB19F715} = {0962E002-71AB-44BE-8086-6609C1F28225}
		{9CCBD004-E866-4A71-8CBB-0B7EF149C799} = {0962E002-71AB-44BE-8086-6609C1F28225}
	EndGlobalSection
	GlobalSection(ExtensibilityGlobals) = postSolution
		SolutionGuid = {80F64270-4A19-4D9A-90E7-DC21372CB987}
	EndGlobalSection
EndGlobal
